
Microsoft Visual Studio Solution File, Format Version 12.00
# Visual Studio Version 17
VisualStudioVersion = 17.9.34607.119
MinimumVisualStudioVersion = 10.0.40219.1
Project("{FAE04EC0-301F-11D3-BF4B-00C04F79EFBC}") = "Shopping", "Shopping\Shopping.csproj", "{745D79D2-6EE5-457F-B11F-932D7C1356DF}"
EndProject
Global
	GlobalSection(SolutionConfigurationPlatforms) = preSolution
		Debug|Any CPU = Debug|Any CPU
		Release|Any CPU = Release|Any CPU
	EndGlobalSection
	GlobalSection(ProjectConfigurationPlatforms) = postSolution
		{745D79D2-6EE5-457F-B11F-932D7C1356DF}.Debug|Any CPU.ActiveCfg = Debug|Any CPU
		{745D79D2-6EE5-457F-B11F-932D7C1356DF}.Debug|Any CPU.Build.0 = Debug|Any CPU
		{745D79D2-6EE5-457F-B11F-932D7C1356DF}.Release|Any CPU.ActiveCfg = Release|Any CPU
		{745D79D2-6EE5-457F-B11F-932D7C1356DF}.Release|Any CPU.Build.0 = Release|Any CPU
	EndGlobalSection
	GlobalSection(SolutionProperties) = preSolution
		HideSolutionNode = FALSE
	EndGlobalSection
	GlobalSection(ExtensibilityGlobals) = postSolution
		SolutionGuid = {7082535A-C3BC-4F8E-A620-AFE19517A4BE}
	EndGlobalSection
EndGlobal
